
Microsoft Visual Studio Solution File, Format Version 12.00
# Visual Studio 15
VisualStudioVersion = 15.0.26730.16
MinimumVisualStudioVersion = 10.0.40219.1
Project("{FAE04EC0-301F-11D3-BF4B-00C04F79EFBC}") = "MyFirstGitHubApp", "MyFirstGitHubApp\MyFirstGitHubApp.csproj", "{07966CA2-C670-416F-A292-A7B4F410C6F6}"
EndProject
Global
	GlobalSection(SolutionConfigurationPlatforms) = preSolution
		Debug|Any CPU = Debug|Any CPU
		Release|Any CPU = Release|Any CPU
	EndGlobalSection
	GlobalSection(ProjectConfigurationPlatforms) = postSolution
		{07966CA2-C670-416F-A292-A7B4F410C6F6}.Debug|Any CPU.ActiveCfg = Debug|Any CPU
		{07966CA2-C670-416F-A292-A7B4F410C6F6}.Debug|Any CPU.Build.0 = Debug|Any CPU
		{07966CA2-C670-416F-A292-A7B4F410C6F6}.Release|Any CPU.ActiveCfg = Release|Any CPU
		{07966CA2-C670-416F-A292-A7B4F410C6F6}.Release|Any CPU.Build.0 = Release|Any CPU
	EndGlobalSection
	GlobalSection(SolutionProperties) = preSolution
		HideSolutionNode = FALSE
	EndGlobalSection
	GlobalSection(ExtensibilityGlobals) = postSolution
		SolutionGuid = {40700525-305A-45E9-BB1D-F1CBB6F6D8F4}
	EndGlobalSection
EndGlobal
